// !$*UTF8*$!
{
	archiveVersion = 1;
	classes = {
	};
	objectVersion = 46;
	objects = {

/* Begin PBXBuildFile section */
		6508769E1D11FE7300F2E6E5 /* AppDelegate.swift in Sources */ = {isa = PBXBuildFile; fileRef = 6508769D1D11FE7300F2E6E5 /* AppDelegate.swift */; };
		650876A31D11FE7300F2E6E5 /* Main.storyboard in Resources */ = {isa = PBXBuildFile; fileRef = 650876A11D11FE7300F2E6E5 /* Main.storyboard */; };
		650876A51D11FE7300F2E6E5 /* Assets.xcassets in Resources */ = {isa = PBXBuildFile; fileRef = 650876A41D11FE7300F2E6E5 /* Assets.xcassets */; };
		650876A81D11FE7300F2E6E5 /* LaunchScreen.storyboard in Resources */ = {isa = PBXBuildFile; fileRef = 650876A61D11FE7300F2E6E5 /* LaunchScreen.storyboard */; };
		650876B31D11FE7300F2E6E5 /* mobile_eventTests.swift in Sources */ = {isa = PBXBuildFile; fileRef = 650876B21D11FE7300F2E6E5 /* mobile_eventTests.swift */; };
		653A09211D18B23F00500E4F /* GoogleService-Info.plist in Resources */ = {isa = PBXBuildFile; fileRef = 653A09201D18B23F00500E4F /* GoogleService-Info.plist */; };
		653A09231D18B64000500E4F /* FireBStorage.swift in Sources */ = {isa = PBXBuildFile; fileRef = 653A09221D18B64000500E4F /* FireBStorage.swift */; };
		657B163C1D1421B100A25676 /* TalkCell.swift in Sources */ = {isa = PBXBuildFile; fileRef = 657B163B1D1421B100A25676 /* TalkCell.swift */; };
		657B163E1D14252200A25676 /* TalksViewController.swift in Sources */ = {isa = PBXBuildFile; fileRef = 657B163D1D14252200A25676 /* TalksViewController.swift */; };
		657B16411D14268100A25676 /* TalkCellModel.swift in Sources */ = {isa = PBXBuildFile; fileRef = 657B16401D14268100A25676 /* TalkCellModel.swift */; };
		657B16431D1426E600A25676 /* TalksDataSource.swift in Sources */ = {isa = PBXBuildFile; fileRef = 657B16421D1426E600A25676 /* TalksDataSource.swift */; };
		65CBDF611D185B3E00144668 /* Talk.swift in Sources */ = {isa = PBXBuildFile; fileRef = 65CBDF601D185B3E00144668 /* Talk.swift */; };
		65CBDF631D185E9100144668 /* TalkApi.swift in Sources */ = {isa = PBXBuildFile; fileRef = 65CBDF621D185E9100144668 /* TalkApi.swift */; };
		65CBDF661D18609E00144668 /* TalkCoordinator.swift in Sources */ = {isa = PBXBuildFile; fileRef = 65CBDF651D18609E00144668 /* TalkCoordinator.swift */; };
		65CBDF691D186F3F00144668 /* FireBTalkApi.swift in Sources */ = {isa = PBXBuildFile; fileRef = 65CBDF681D186F3F00144668 /* FireBTalkApi.swift */; };
		65CBDF6B1D186F5000144668 /* FireBTalk.swift in Sources */ = {isa = PBXBuildFile; fileRef = 65CBDF6A1D186F5000144668 /* FireBTalk.swift */; };
		6AF9A86619944B814B9A787F /* Pods_mobile_event.framework in Frameworks */ = {isa = PBXBuildFile; fileRef = CF1D2012087449F73AA66797 /* Pods_mobile_event.framework */; };
/* End PBXBuildFile section */

/* Begin PBXContainerItemProxy section */
		650876AF1D11FE7300F2E6E5 /* PBXContainerItemProxy */ = {
			isa = PBXContainerItemProxy;
			containerPortal = 650876921D11FE7300F2E6E5 /* Project object */;
			proxyType = 1;
			remoteGlobalIDString = 650876991D11FE7300F2E6E5;
			remoteInfo = "mobile-event";
		};
/* End PBXContainerItemProxy section */

/* Begin PBXFileReference section */
		6508769A1D11FE7300F2E6E5 /* mobile-event.app */ = {isa = PBXFileReference; explicitFileType = wrapper.application; includeInIndex = 0; path = "mobile-event.app"; sourceTree = BUILT_PRODUCTS_DIR; };
		6508769D1D11FE7300F2E6E5 /* AppDelegate.swift */ = {isa = PBXFileReference; lastKnownFileType = sourcecode.swift; path = AppDelegate.swift; sourceTree = "<group>"; };
		650876A21D11FE7300F2E6E5 /* Base */ = {isa = PBXFileReference; lastKnownFileType = file.storyboard; name = Base; path = Base.lproj/Main.storyboard; sourceTree = "<group>"; };
		650876A41D11FE7300F2E6E5 /* Assets.xcassets */ = {isa = PBXFileReference; lastKnownFileType = folder.assetcatalog; path = Assets.xcassets; sourceTree = "<group>"; };
		650876A71D11FE7300F2E6E5 /* Base */ = {isa = PBXFileReference; lastKnownFileType = file.storyboard; name = Base; path = Base.lproj/LaunchScreen.storyboard; sourceTree = "<group>"; };
		650876A91D11FE7300F2E6E5 /* Info.plist */ = {isa = PBXFileReference; lastKnownFileType = text.plist.xml; path = Info.plist; sourceTree = "<group>"; };
		650876AE1D11FE7300F2E6E5 /* mobile-eventTests.xctest */ = {isa = PBXFileReference; explicitFileType = wrapper.cfbundle; includeInIndex = 0; path = "mobile-eventTests.xctest"; sourceTree = BUILT_PRODUCTS_DIR; };
		650876B21D11FE7300F2E6E5 /* mobile_eventTests.swift */ = {isa = PBXFileReference; lastKnownFileType = sourcecode.swift; path = mobile_eventTests.swift; sourceTree = "<group>"; };
		650876B41D11FE7300F2E6E5 /* Info.plist */ = {isa = PBXFileReference; lastKnownFileType = text.plist.xml; path = Info.plist; sourceTree = "<group>"; };
		653A09201D18B23F00500E4F /* GoogleService-Info.plist */ = {isa = PBXFileReference; fileEncoding = 4; lastKnownFileType = text.plist.xml; path = "GoogleService-Info.plist"; sourceTree = "<group>"; };
		653A09221D18B64000500E4F /* FireBStorage.swift */ = {isa = PBXFileReference; fileEncoding = 4; lastKnownFileType = sourcecode.swift; path = FireBStorage.swift; sourceTree = "<group>"; };
		657B163B1D1421B100A25676 /* TalkCell.swift */ = {isa = PBXFileReference; fileEncoding = 4; lastKnownFileType = sourcecode.swift; path = TalkCell.swift; sourceTree = "<group>"; };
		657B163D1D14252200A25676 /* TalksViewController.swift */ = {isa = PBXFileReference; fileEncoding = 4; lastKnownFileType = sourcecode.swift; path = TalksViewController.swift; sourceTree = "<group>"; };
		657B16401D14268100A25676 /* TalkCellModel.swift */ = {isa = PBXFileReference; fileEncoding = 4; lastKnownFileType = sourcecode.swift; path = TalkCellModel.swift; sourceTree = "<group>"; };
		657B16421D1426E600A25676 /* TalksDataSource.swift */ = {isa = PBXFileReference; fileEncoding = 4; lastKnownFileType = sourcecode.swift; path = TalksDataSource.swift; sourceTree = "<group>"; };
		65CBDF601D185B3E00144668 /* Talk.swift */ = {isa = PBXFileReference; fileEncoding = 4; lastKnownFileType = sourcecode.swift; path = Talk.swift; sourceTree = "<group>"; };
		65CBDF621D185E9100144668 /* TalkApi.swift */ = {isa = PBXFileReference; fileEncoding = 4; lastKnownFileType = sourcecode.swift; path = TalkApi.swift; sourceTree = "<group>"; };
		65CBDF651D18609E00144668 /* TalkCoordinator.swift */ = {isa = PBXFileReference; fileEncoding = 4; lastKnownFileType = sourcecode.swift; path = TalkCoordinator.swift; sourceTree = "<group>"; };
		65CBDF681D186F3F00144668 /* FireBTalkApi.swift */ = {isa = PBXFileReference; fileEncoding = 4; lastKnownFileType = sourcecode.swift; path = FireBTalkApi.swift; sourceTree = "<group>"; };
		65CBDF6A1D186F5000144668 /* FireBTalk.swift */ = {isa = PBXFileReference; fileEncoding = 4; lastKnownFileType = sourcecode.swift; path = FireBTalk.swift; sourceTree = "<group>"; };
		65CBDF6D1D1871A500144668 /* mobile-event-Bridging-Header.h */ = {isa = PBXFileReference; lastKnownFileType = sourcecode.c.h; path = "mobile-event-Bridging-Header.h"; sourceTree = "<group>"; };
		9FD154A6988E9E1232483368 /* Pods-mobile-event.debug.xcconfig */ = {isa = PBXFileReference; includeInIndex = 1; lastKnownFileType = text.xcconfig; name = "Pods-mobile-event.debug.xcconfig"; path = "Pods/Target Support Files/Pods-mobile-event/Pods-mobile-event.debug.xcconfig"; sourceTree = "<group>"; };
		A60654C1D4D3C60E938E8E05 /* Pods-mobile-event.release.xcconfig */ = {isa = PBXFileReference; includeInIndex = 1; lastKnownFileType = text.xcconfig; name = "Pods-mobile-event.release.xcconfig"; path = "Pods/Target Support Files/Pods-mobile-event/Pods-mobile-event.release.xcconfig"; sourceTree = "<group>"; };
		CF1D2012087449F73AA66797 /* Pods_mobile_event.framework */ = {isa = PBXFileReference; explicitFileType = wrapper.framework; includeInIndex = 0; path = Pods_mobile_event.framework; sourceTree = BUILT_PRODUCTS_DIR; };
/* End PBXFileReference section */

/* Begin PBXFrameworksBuildPhase section */
		650876971D11FE7300F2E6E5 /* Frameworks */ = {
			isa = PBXFrameworksBuildPhase;
			buildActionMask = 2147483647;
			files = (
				6AF9A86619944B814B9A787F /* Pods_mobile_event.framework in Frameworks */,
			);
			runOnlyForDeploymentPostprocessing = 0;
		};
		650876AB1D11FE7300F2E6E5 /* Frameworks */ = {
			isa = PBXFrameworksBuildPhase;
			buildActionMask = 2147483647;
			files = (
			);
			runOnlyForDeploymentPostprocessing = 0;
		};
/* End PBXFrameworksBuildPhase section */

/* Begin PBXGroup section */
		23E71186840A97FF922B64AD /* Pods */ = {
			isa = PBXGroup;
			children = (
				9FD154A6988E9E1232483368 /* Pods-mobile-event.debug.xcconfig */,
				A60654C1D4D3C60E938E8E05 /* Pods-mobile-event.release.xcconfig */,
			);
			name = Pods;
			sourceTree = "<group>";
		};
		6471EB6DD985CD547404E327 /* Frameworks */ = {
			isa = PBXGroup;
			children = (
				CF1D2012087449F73AA66797 /* Pods_mobile_event.framework */,
			);
			name = Frameworks;
			sourceTree = "<group>";
		};
		650876911D11FE7300F2E6E5 = {
			isa = PBXGroup;
			children = (
				6508769C1D11FE7300F2E6E5 /* mobile-event */,
				650876B11D11FE7300F2E6E5 /* mobile-eventTests */,
				6508769B1D11FE7300F2E6E5 /* Products */,
				23E71186840A97FF922B64AD /* Pods */,
				6471EB6DD985CD547404E327 /* Frameworks */,
			);
			sourceTree = "<group>";
		};
		6508769B1D11FE7300F2E6E5 /* Products */ = {
			isa = PBXGroup;
			children = (
				6508769A1D11FE7300F2E6E5 /* mobile-event.app */,
				650876AE1D11FE7300F2E6E5 /* mobile-eventTests.xctest */,
			);
			name = Products;
			sourceTree = "<group>";
		};
		6508769C1D11FE7300F2E6E5 /* mobile-event */ = {
			isa = PBXGroup;
			children = (
				6508769D1D11FE7300F2E6E5 /* AppDelegate.swift */,
				650876A11D11FE7300F2E6E5 /* Main.storyboard */,
				65CBDF5F1D185B1C00144668 /* Model */,
				657B163F1D14266A00A25676 /* View */,
				657B16461D14358000A25676 /* Controller */,
				65CBDF641D18608900144668 /* Coordinator */,
				657B16471D14359C00A25676 /* Support Files */,
			);
			path = "mobile-event";
			sourceTree = "<group>";
		};
		650876B11D11FE7300F2E6E5 /* mobile-eventTests */ = {
			isa = PBXGroup;
			children = (
				650876B21D11FE7300F2E6E5 /* mobile_eventTests.swift */,
				650876B41D11FE7300F2E6E5 /* Info.plist */,
			);
			path = "mobile-eventTests";
			sourceTree = "<group>";
		};
		657B163F1D14266A00A25676 /* View */ = {
			isa = PBXGroup;
			children = (
				657B163B1D1421B100A25676 /* TalkCell.swift */,
				657B16401D14268100A25676 /* TalkCellModel.swift */,
			);
			name = View;
			sourceTree = "<group>";
		};
		657B16461D14358000A25676 /* Controller */ = {
			isa = PBXGroup;
			children = (
				657B163D1D14252200A25676 /* TalksViewController.swift */,
				657B16421D1426E600A25676 /* TalksDataSource.swift */,
			);
			name = Controller;
			sourceTree = "<group>";
		};
		657B16471D14359C00A25676 /* Support Files */ = {
			isa = PBXGroup;
			children = (
				653A09201D18B23F00500E4F /* GoogleService-Info.plist */,
				650876A61D11FE7300F2E6E5 /* LaunchScreen.storyboard */,
				650876A41D11FE7300F2E6E5 /* Assets.xcassets */,
				650876A91D11FE7300F2E6E5 /* Info.plist */,
				65CBDF6D1D1871A500144668 /* mobile-event-Bridging-Header.h */,
			);
			name = "Support Files";
			sourceTree = "<group>";
		};
		65CBDF5F1D185B1C00144668 /* Model */ = {
			isa = PBXGroup;
			children = (
				65CBDF671D186F1E00144668 /* Firebase */,
				65CBDF601D185B3E00144668 /* Talk.swift */,
				65CBDF621D185E9100144668 /* TalkApi.swift */,
			);
			name = Model;
			sourceTree = "<group>";
		};
		65CBDF641D18608900144668 /* Coordinator */ = {
			isa = PBXGroup;
			children = (
				65CBDF651D18609E00144668 /* TalkCoordinator.swift */,
			);
			name = Coordinator;
			sourceTree = "<group>";
		};
		65CBDF671D186F1E00144668 /* Firebase */ = {
			isa = PBXGroup;
			children = (
				65CBDF681D186F3F00144668 /* FireBTalkApi.swift */,
				65CBDF6A1D186F5000144668 /* FireBTalk.swift */,
				653A09221D18B64000500E4F /* FireBStorage.swift */,
			);
			name = Firebase;
			sourceTree = "<group>";
		};
/* End PBXGroup section */

/* Begin PBXNativeTarget section */
		650876991D11FE7300F2E6E5 /* mobile-event */ = {
			isa = PBXNativeTarget;
			buildConfigurationList = 650876B71D11FE7300F2E6E5 /* Build configuration list for PBXNativeTarget "mobile-event" */;
			buildPhases = (
				685EA9D14B3DE72121081D59 /* Check Pods Manifest.lock */,
				650876961D11FE7300F2E6E5 /* Sources */,
				650876971D11FE7300F2E6E5 /* Frameworks */,
				650876981D11FE7300F2E6E5 /* Resources */,
				F86E37C1F49B2E7A1B8CD200 /* Embed Pods Frameworks */,
				B3C50127D7AE74D5E4090155 /* Copy Pods Resources */,
			);
			buildRules = (
			);
			dependencies = (
			);
			name = "mobile-event";
			productName = "mobile-event";
			productReference = 6508769A1D11FE7300F2E6E5 /* mobile-event.app */;
			productType = "com.apple.product-type.application";
		};
		650876AD1D11FE7300F2E6E5 /* mobile-eventTests */ = {
			isa = PBXNativeTarget;
			buildConfigurationList = 650876BA1D11FE7300F2E6E5 /* Build configuration list for PBXNativeTarget "mobile-eventTests" */;
			buildPhases = (
				650876AA1D11FE7300F2E6E5 /* Sources */,
				650876AB1D11FE7300F2E6E5 /* Frameworks */,
				650876AC1D11FE7300F2E6E5 /* Resources */,
			);
			buildRules = (
			);
			dependencies = (
				650876B01D11FE7300F2E6E5 /* PBXTargetDependency */,
			);
			name = "mobile-eventTests";
			productName = "mobile-eventTests";
			productReference = 650876AE1D11FE7300F2E6E5 /* mobile-eventTests.xctest */;
			productType = "com.apple.product-type.bundle.unit-test";
		};
/* End PBXNativeTarget section */

/* Begin PBXProject section */
		650876921D11FE7300F2E6E5 /* Project object */ = {
			isa = PBXProject;
			attributes = {
				LastSwiftUpdateCheck = 0730;
				LastUpgradeCheck = 0730;
				ORGANIZATIONNAME = danielcarlosce;
				TargetAttributes = {
					650876991D11FE7300F2E6E5 = {
						CreatedOnToolsVersion = 7.3;
					};
					650876AD1D11FE7300F2E6E5 = {
						CreatedOnToolsVersion = 7.3;
						TestTargetID = 650876991D11FE7300F2E6E5;
					};
				};
			};
			buildConfigurationList = 650876951D11FE7300F2E6E5 /* Build configuration list for PBXProject "mobile-event" */;
			compatibilityVersion = "Xcode 3.2";
			developmentRegion = English;
			hasScannedForEncodings = 0;
			knownRegions = (
				en,
				Base,
			);
			mainGroup = 650876911D11FE7300F2E6E5;
			productRefGroup = 6508769B1D11FE7300F2E6E5 /* Products */;
			projectDirPath = "";
			projectRoot = "";
			targets = (
				650876991D11FE7300F2E6E5 /* mobile-event */,
				650876AD1D11FE7300F2E6E5 /* mobile-eventTests */,
			);
		};
/* End PBXProject section */

/* Begin PBXResourcesBuildPhase section */
		650876981D11FE7300F2E6E5 /* Resources */ = {
			isa = PBXResourcesBuildPhase;
			buildActionMask = 2147483647;
			files = (
				650876A81D11FE7300F2E6E5 /* LaunchScreen.storyboard in Resources */,
				653A09211D18B23F00500E4F /* GoogleService-Info.plist in Resources */,
				650876A51D11FE7300F2E6E5 /* Assets.xcassets in Resources */,
				650876A31D11FE7300F2E6E5 /* Main.storyboard in Resources */,
			);
			runOnlyForDeploymentPostprocessing = 0;
		};
		650876AC1D11FE7300F2E6E5 /* Resources */ = {
			isa = PBXResourcesBuildPhase;
			buildActionMask = 2147483647;
			files = (
			);
			runOnlyForDeploymentPostprocessing = 0;
		};
/* End PBXResourcesBuildPhase section */

/* Begin PBXShellScriptBuildPhase section */
		685EA9D14B3DE72121081D59 /* Check Pods Manifest.lock */ = {
			isa = PBXShellScriptBuildPhase;
			buildActionMask = 2147483647;
			files = (
			);
			inputPaths = (
			);
			name = "Check Pods Manifest.lock";
			outputPaths = (
			);
			runOnlyForDeploymentPostprocessing = 0;
			shellPath = /bin/sh;
			shellScript = "diff \"${PODS_ROOT}/../Podfile.lock\" \"${PODS_ROOT}/Manifest.lock\" > /dev/null\nif [[ $? != 0 ]] ; then\n    cat << EOM\nerror: The sandbox is not in sync with the Podfile.lock. Run 'pod install' or update your CocoaPods installation.\nEOM\n    exit 1\nfi\n";
			showEnvVarsInLog = 0;
		};
		B3C50127D7AE74D5E4090155 /* Copy Pods Resources */ = {
			isa = PBXShellScriptBuildPhase;
			buildActionMask = 2147483647;
			files = (
			);
			inputPaths = (
			);
			name = "Copy Pods Resources";
			outputPaths = (
			);
			runOnlyForDeploymentPostprocessing = 0;
			shellPath = /bin/sh;
			shellScript = "\"${SRCROOT}/Pods/Target Support Files/Pods-mobile-event/Pods-mobile-event-resources.sh\"\n";
			showEnvVarsInLog = 0;
		};
		F86E37C1F49B2E7A1B8CD200 /* Embed Pods Frameworks */ = {
			isa = PBXShellScriptBuildPhase;
			buildActionMask = 2147483647;
			files = (
			);
			inputPaths = (
			);
			name = "Embed Pods Frameworks";
			outputPaths = (
			);
			runOnlyForDeploymentPostprocessing = 0;
			shellPath = /bin/sh;
			shellScript = "\"${SRCROOT}/Pods/Target Support Files/Pods-mobile-event/Pods-mobile-event-frameworks.sh\"\n";
			showEnvVarsInLog = 0;
		};
/* End PBXShellScriptBuildPhase section */

/* Begin PBXSourcesBuildPhase section */
		650876961D11FE7300F2E6E5 /* Sources */ = {
			isa = PBXSourcesBuildPhase;
			buildActionMask = 2147483647;
			files = (
				65CBDF6B1D186F5000144668 /* FireBTalk.swift in Sources */,
				65CBDF661D18609E00144668 /* TalkCoordinator.swift in Sources */,
				657B163E1D14252200A25676 /* TalksViewController.swift in Sources */,
				6508769E1D11FE7300F2E6E5 /* AppDelegate.swift in Sources */,
				657B163C1D1421B100A25676 /* TalkCell.swift in Sources */,
				65CBDF691D186F3F00144668 /* FireBTalkApi.swift in Sources */,
				657B16411D14268100A25676 /* TalkCellModel.swift in Sources */,
				653A09231D18B64000500E4F /* FireBStorage.swift in Sources */,
				65CBDF631D185E9100144668 /* TalkApi.swift in Sources */,
				657B16431D1426E600A25676 /* TalksDataSource.swift in Sources */,
				65CBDF611D185B3E00144668 /* Talk.swift in Sources */,
			);
			runOnlyForDeploymentPostprocessing = 0;
		};
		650876AA1D11FE7300F2E6E5 /* Sources */ = {
			isa = PBXSourcesBuildPhase;
			buildActionMask = 2147483647;
			files = (
				650876B31D11FE7300F2E6E5 /* mobile_eventTests.swift in Sources */,
			);
			runOnlyForDeploymentPostprocessing = 0;
		};
/* End PBXSourcesBuildPhase section */

/* Begin PBXTargetDependency section */
		650876B01D11FE7300F2E6E5 /* PBXTargetDependency */ = {
			isa = PBXTargetDependency;
			target = 650876991D11FE7300F2E6E5 /* mobile-event */;
			targetProxy = 650876AF1D11FE7300F2E6E5 /* PBXContainerItemProxy */;
		};
/* End PBXTargetDependency section */

/* Begin PBXVariantGroup section */
		650876A11D11FE7300F2E6E5 /* Main.storyboard */ = {
			isa = PBXVariantGroup;
			children = (
				650876A21D11FE7300F2E6E5 /* Base */,
			);
			name = Main.storyboard;
			sourceTree = "<group>";
		};
		650876A61D11FE7300F2E6E5 /* LaunchScreen.storyboard */ = {
			isa = PBXVariantGroup;
			children = (
				650876A71D11FE7300F2E6E5 /* Base */,
			);
			name = LaunchScreen.storyboard;
			sourceTree = "<group>";
		};
/* End PBXVariantGroup section */

/* Begin XCBuildConfiguration section */
		650876B51D11FE7300F2E6E5 /* Debug */ = {
			isa = XCBuildConfiguration;
			buildSettings = {
				ALWAYS_SEARCH_USER_PATHS = NO;
				CLANG_ANALYZER_NONNULL = YES;
				CLANG_CXX_LANGUAGE_STANDARD = "gnu++0x";
				CLANG_CXX_LIBRARY = "libc++";
				CLANG_ENABLE_MODULES = YES;
				CLANG_ENABLE_OBJC_ARC = YES;
				CLANG_WARN_BOOL_CONVERSION = YES;
				CLANG_WARN_CONSTANT_CONVERSION = YES;
				CLANG_WARN_DIRECT_OBJC_ISA_USAGE = YES_ERROR;
				CLANG_WARN_EMPTY_BODY = YES;
				CLANG_WARN_ENUM_CONVERSION = YES;
				CLANG_WARN_INT_CONVERSION = YES;
				CLANG_WARN_OBJC_ROOT_CLASS = YES_ERROR;
				CLANG_WARN_UNREACHABLE_CODE = YES;
				CLANG_WARN__DUPLICATE_METHOD_MATCH = YES;
				"CODE_SIGN_IDENTITY[sdk=iphoneos*]" = "iPhone Developer";
				COPY_PHASE_STRIP = NO;
				DEBUG_INFORMATION_FORMAT = dwarf;
				ENABLE_STRICT_OBJC_MSGSEND = YES;
				ENABLE_TESTABILITY = YES;
				GCC_C_LANGUAGE_STANDARD = gnu99;
				GCC_DYNAMIC_NO_PIC = NO;
				GCC_NO_COMMON_BLOCKS = YES;
				GCC_OPTIMIZATION_LEVEL = 0;
				GCC_PREPROCESSOR_DEFINITIONS = (
					"DEBUG=1",
					"$(inherited)",
				);
				GCC_WARN_64_TO_32_BIT_CONVERSION = YES;
				GCC_WARN_ABOUT_RETURN_TYPE = YES_ERROR;
				GCC_WARN_UNDECLARED_SELECTOR = YES;
				GCC_WARN_UNINITIALIZED_AUTOS = YES_AGGRESSIVE;
				GCC_WARN_UNUSED_FUNCTION = YES;
				GCC_WARN_UNUSED_VARIABLE = YES;
				IPHONEOS_DEPLOYMENT_TARGET = 9.3;
				MTL_ENABLE_DEBUG_INFO = YES;
				ONLY_ACTIVE_ARCH = YES;
				SDKROOT = iphoneos;
				SWIFT_OPTIMIZATION_LEVEL = "-Onone";
			};
			name = Debug;
		};
		650876B61D11FE7300F2E6E5 /* Release */ = {
			isa = XCBuildConfiguration;
			buildSettings = {
				ALWAYS_SEARCH_USER_PATHS = NO;
				CLANG_ANALYZER_NONNULL = YES;
				CLANG_CXX_LANGUAGE_STANDARD = "gnu++0x";
				CLANG_CXX_LIBRARY = "libc++";
				CLANG_ENABLE_MODULES = YES;
				CLANG_ENABLE_OBJC_ARC = YES;
				CLANG_WARN_BOOL_CONVERSION = YES;
				CLANG_WARN_CONSTANT_CONVERSION = YES;
				CLANG_WARN_DIRECT_OBJC_ISA_USAGE = YES_ERROR;
				CLANG_WARN_EMPTY_BODY = YES;
				CLANG_WARN_ENUM_CONVERSION = YES;
				CLANG_WARN_INT_CONVERSION = YES;
				CLANG_WARN_OBJC_ROOT_CLASS = YES_ERROR;
				CLANG_WARN_UNREACHABLE_CODE = YES;
				CLANG_WARN__DUPLICATE_METHOD_MATCH = YES;
				"CODE_SIGN_IDENTITY[sdk=iphoneos*]" = "iPhone Developer";
				COPY_PHASE_STRIP = NO;
				DEBUG_INFORMATION_FORMAT = "dwarf-with-dsym";
				ENABLE_NS_ASSERTIONS = NO;
				ENABLE_STRICT_OBJC_MSGSEND = YES;
				GCC_C_LANGUAGE_STANDARD = gnu99;
				GCC_NO_COMMON_BLOCKS = YES;
				GCC_WARN_64_TO_32_BIT_CONVERSION = YES;
				GCC_WARN_ABOUT_RETURN_TYPE = YES_ERROR;
				GCC_WARN_UNDECLARED_SELECTOR = YES;
				GCC_WARN_UNINITIALIZED_AUTOS = YES_AGGRESSIVE;
				GCC_WARN_UNUSED_FUNCTION = YES;
				GCC_WARN_UNUSED_VARIABLE = YES;
				IPHONEOS_DEPLOYMENT_TARGET = 9.3;
				MTL_ENABLE_DEBUG_INFO = NO;
				SDKROOT = iphoneos;
				VALIDATE_PRODUCT = YES;
			};
			name = Release;
		};
		650876B81D11FE7300F2E6E5 /* Debug */ = {
			isa = XCBuildConfiguration;
			baseConfigurationReference = 9FD154A6988E9E1232483368 /* Pods-mobile-event.debug.xcconfig */;
			buildSettings = {
				ASSETCATALOG_COMPILER_APPICON_NAME = AppIcon;
				CLANG_ENABLE_MODULES = YES;
				FRAMEWORK_SEARCH_PATHS = (
					"$(inherited)",
					"$(PROJECT_DIR)/mobile-event",
				);
				INFOPLIST_FILE = "mobile-event/Info.plist";
				LD_RUNPATH_SEARCH_PATHS = "$(inherited) @executable_path/Frameworks";
				PRODUCT_BUNDLE_IDENTIFIER = "com.danielcarlosce.mobile-event";
				PRODUCT_NAME = "$(TARGET_NAME)";
				SWIFT_OBJC_BRIDGING_HEADER = "mobile-event/mobile-event-Bridging-Header.h";
				SWIFT_OPTIMIZATION_LEVEL = "-Onone";
			};
			name = Debug;
		};
		650876B91D11FE7300F2E6E5 /* Release */ = {
			isa = XCBuildConfiguration;
			baseConfigurationReference = A60654C1D4D3C60E938E8E05 /* Pods-mobile-event.release.xcconfig */;
			buildSettings = {
				ASSETCATALOG_COMPILER_APPICON_NAME = AppIcon;
				CLANG_ENABLE_MODULES = YES;
				FRAMEWORK_SEARCH_PATHS = (
					"$(inherited)",
					"$(PROJECT_DIR)/mobile-event",
				);
				INFOPLIST_FILE = "mobile-event/Info.plist";
				LD_RUNPATH_SEARCH_PATHS = "$(inherited) @executable_path/Frameworks";
				PRODUCT_BUNDLE_IDENTIFIER = "com.danielcarlosce.mobile-event";
				PRODUCT_NAME = "$(TARGET_NAME)";
				SWIFT_OBJC_BRIDGING_HEADER = "mobile-event/mobile-event-Bridging-Header.h";
			};
			name = Release;
		};
		650876BB1D11FE7300F2E6E5 /* Debug */ = {
			isa = XCBuildConfiguration;
			buildSettings = {
				BUNDLE_LOADER = "$(TEST_HOST)";
				INFOPLIST_FILE = "mobile-eventTests/Info.plist";
				LD_RUNPATH_SEARCH_PATHS = "$(inherited) @executable_path/Frameworks @loader_path/Frameworks";
				PRODUCT_BUNDLE_IDENTIFIER = "com.danielcarlosce.mobile-eventTests";
				PRODUCT_NAME = "$(TARGET_NAME)";
				TEST_HOST = "$(BUILT_PRODUCTS_DIR)/mobile-event.app/mobile-event";
			};
			name = Debug;
		};
		650876BC1D11FE7300F2E6E5 /* Release */ = {
			isa = XCBuildConfiguration;
			buildSettings = {
				BUNDLE_LOADER = "$(TEST_HOST)";
				INFOPLIST_FILE = "mobile-eventTests/Info.plist";
				LD_RUNPATH_SEARCH_PATHS = "$(inherited) @executable_path/Frameworks @loader_path/Frameworks";
				PRODUCT_BUNDLE_IDENTIFIER = "com.danielcarlosce.mobile-eventTests";
				PRODUCT_NAME = "$(TARGET_NAME)";
				TEST_HOST = "$(BUILT_PRODUCTS_DIR)/mobile-event.app/mobile-event";
			};
			name = Release;
		};
/* End XCBuildConfiguration section */

/* Begin XCConfigurationList section */
		650876951D11FE7300F2E6E5 /* Build configuration list for PBXProject "mobile-event" */ = {
			isa = XCConfigurationList;
			buildConfigurations = (
				650876B51D11FE7300F2E6E5 /* Debug */,
				650876B61D11FE7300F2E6E5 /* Release */,
			);
			defaultConfigurationIsVisible = 0;
			defaultConfigurationName = Release;
		};
		650876B71D11FE7300F2E6E5 /* Build configuration list for PBXNativeTarget "mobile-event" */ = {
			isa = XCConfigurationList;
			buildConfigurations = (
				650876B81D11FE7300F2E6E5 /* Debug */,
				650876B91D11FE7300F2E6E5 /* Release */,
			);
			defaultConfigurationIsVisible = 0;
			defaultConfigurationName = Release;
		};
		650876BA1D11FE7300F2E6E5 /* Build configuration list for PBXNativeTarget "mobile-eventTests" */ = {
			isa = XCConfigurationList;
			buildConfigurations = (
				650876BB1D11FE7300F2E6E5 /* Debug */,
				650876BC1D11FE7300F2E6E5 /* Release */,
			);
			defaultConfigurationIsVisible = 0;
			defaultConfigurationName = Release;
		};
/* End XCConfigurationList section */
	};
	rootObject = 650876921D11FE7300F2E6E5 /* Project object */;
}
